
Microsoft Visual Studio Solution File, Format Version 12.00
# Visual Studio Version 17
VisualStudioVersion = 17.7.34202.233
MinimumVisualStudioVersion = 10.0.40219.1
Project("{FAE04EC0-301F-11D3-BF4B-00C04F79EFBC}") = "Program4", "Program4\Program4.csproj", "{4F40858F-49D2-459A-A43A-F90280AFF530}"
EndProject
Global
	GlobalSection(SolutionConfigurationPlatforms) = preSolution
		Debug|Any CPU = Debug|Any CPU
		Release|Any CPU = Release|Any CPU
	EndGlobalSection
	GlobalSection(ProjectConfigurationPlatforms) = postSolution
		{4F40858F-49D2-459A-A43A-F90280AFF530}.Debug|Any CPU.ActiveCfg = Debug|Any CPU
		{4F40858F-49D2-459A-A43A-F90280AFF530}.Debug|Any CPU.Build.0 = Debug|Any CPU
		{4F40858F-49D2-459A-A43A-F90280AFF530}.Release|Any CPU.ActiveCfg = Release|Any CPU
		{4F40858F-49D2-459A-A43A-F90280AFF530}.Release|Any CPU.Build.0 = Release|Any CPU
	EndGlobalSection
	GlobalSection(SolutionProperties) = preSolution
		HideSolutionNode = FALSE
	EndGlobalSection
	GlobalSection(ExtensibilityGlobals) = postSolution
		SolutionGuid = {C8DC9914-E237-448F-BAAE-769B2731CB0E}
	EndGlobalSection
EndGlobal
